
Microsoft Visual Studio Solution File, Format Version 12.00
# Visual Studio Version 16
VisualStudioVersion = 16.0.29201.188
MinimumVisualStudioVersion = 10.0.40219.1
Project("{F184B08F-C81C-45F6-A57F-5ABD9991F28F}") = "AcreditPrueba", "AcreditPrueba.vbproj", "{962CCFB1-6A41-47D8-B3EE-0490326352BE}"
EndProject
Global
	GlobalSection(SolutionConfigurationPlatforms) = preSolution
		Debug|Any CPU = Debug|Any CPU
		Release|Any CPU = Release|Any CPU
	EndGlobalSection
	GlobalSection(ProjectConfigurationPlatforms) = postSolution
		{962CCFB1-6A41-47D8-B3EE-0490326352BE}.Debug|Any CPU.ActiveCfg = Debug|Any CPU
		{962CCFB1-6A41-47D8-B3EE-0490326352BE}.Debug|Any CPU.Build.0 = Debug|Any CPU
		{962CCFB1-6A41-47D8-B3EE-0490326352BE}.Release|Any CPU.ActiveCfg = Release|Any CPU
		{962CCFB1-6A41-47D8-B3EE-0490326352BE}.Release|Any CPU.Build.0 = Release|Any CPU
	EndGlobalSection
	GlobalSection(SolutionProperties) = preSolution
		HideSolutionNode = FALSE
	EndGlobalSection
	GlobalSection(ExtensibilityGlobals) = postSolution
		SolutionGuid = {3A534F8E-5BF9-46F3-BAB7-FC8718F4CA16}
	EndGlobalSection
EndGlobal
